
Microsoft Visual Studio Solution File, Format Version 12.00
# Visual Studio Version 16
VisualStudioVersion = 16.0.30225.117
MinimumVisualStudioVersion = 10.0.40219.1
Project("{2150E333-8FDC-42A3-9474-1A3956D46DE8}") = "CqrsTemplate", "CqrsTemplate", "{B644B4F0-9FFD-4E41-B140-FDFD2872C753}"
EndProject
Project("{FAE04EC0-301F-11D3-BF4B-00C04F79EFBC}") = "CqrsTemplate.Domain", "CqrsTemplate.Domain\CqrsTemplate.Domain.csproj", "{6EB00AB9-9C7A-4F85-A777-45261E783242}"
EndProject
Project("{FAE04EC0-301F-11D3-BF4B-00C04F79EFBC}") = "CqrsTemplate.Api", "CqrsTemplate.Api\CqrsTemplate.Api.csproj", "{3669B47B-2D31-4437-8F29-F46E09DED955}"
EndProject
Project("{FAE04EC0-301F-11D3-BF4B-00C04F79EFBC}") = "CqrsTemplate.DataContracts", "CqrsTemplate.DataContracts\CqrsTemplate.DataContracts.csproj", "{A32ED2AE-FB1C-4834-8967-F38E17FAB012}"
EndProject
Project("{FAE04EC0-301F-11D3-BF4B-00C04F79EFBC}") = "CqrsTemplate.Domain.Common", "CqrsTemplate.Domain.Common\CqrsTemplate.Domain.Common.csproj", "{38BBDF98-0D4F-4398-9C8C-097365246FB6}"
EndProject
Project("{FAE04EC0-301F-11D3-BF4B-00C04F79EFBC}") = "CqrsTemplate.Application", "CqrsTemplate.Application\CqrsTemplate.Application.csproj", "{93F89CEC-5815-4B1C-8009-E48432D13A17}"
EndProject
Project("{FAE04EC0-301F-11D3-BF4B-00C04F79EFBC}") = "CqrsTemplate.Application.Common", "CqrsTemplate.Application.Common\CqrsTemplate.Application.Common.csproj", "{C28AB281-B219-487A-89BF-2AEBE621EDE0}"
EndProject
Project("{FAE04EC0-301F-11D3-BF4B-00C04F79EFBC}") = "CqrsTemplate.Repository", "CqrsTemplate.Repository\CqrsTemplate.Repository.csproj", "{76838589-ED7C-4427-9ADF-0FB67FC302D4}"
EndProject
Global
	GlobalSection(SolutionConfigurationPlatforms) = preSolution
		Debug|Any CPU = Debug|Any CPU
		Release|Any CPU = Release|Any CPU
	EndGlobalSection
	GlobalSection(ProjectConfigurationPlatforms) = postSolution
		{6EB00AB9-9C7A-4F85-A777-45261E783242}.Debug|Any CPU.ActiveCfg = Debug|Any CPU
		{6EB00AB9-9C7A-4F85-A777-45261E783242}.Debug|Any CPU.Build.0 = Debug|Any CPU
		{6EB00AB9-9C7A-4F85-A777-45261E783242}.Release|Any CPU.ActiveCfg = Release|Any CPU
		{6EB00AB9-9C7A-4F85-A777-45261E783242}.Release|Any CPU.Build.0 = Release|Any CPU
		{3669B47B-2D31-4437-8F29-F46E09DED955}.Debug|Any CPU.ActiveCfg = Debug|Any CPU
		{3669B47B-2D31-4437-8F29-F46E09DED955}.Debug|Any CPU.Build.0 = Debug|Any CPU
		{3669B47B-2D31-4437-8F29-F46E09DED955}.Release|Any CPU.ActiveCfg = Release|Any CPU
		{3669B47B-2D31-4437-8F29-F46E09DED955}.Release|Any CPU.Build.0 = Release|Any CPU
		{A32ED2AE-FB1C-4834-8967-F38E17FAB012}.Debug|Any CPU.ActiveCfg = Debug|Any CPU
		{A32ED2AE-FB1C-4834-8967-F38E17FAB012}.Debug|Any CPU.Build.0 = Debug|Any CPU
		{A32ED2AE-FB1C-4834-8967-F38E17FAB012}.Release|Any CPU.ActiveCfg = Release|Any CPU
		{A32ED2AE-FB1C-4834-8967-F38E17FAB012}.Release|Any CPU.Build.0 = Release|Any CPU
		{38BBDF98-0D4F-4398-9C8C-097365246FB6}.Debug|Any CPU.ActiveCfg = Debug|Any CPU
		{38BBDF98-0D4F-4398-9C8C-097365246FB6}.Debug|Any CPU.Build.0 = Debug|Any CPU
		{38BBDF98-0D4F-4398-9C8C-097365246FB6}.Release|Any CPU.ActiveCfg = Release|Any CPU
		{38BBDF98-0D4F-4398-9C8C-097365246FB6}.Release|Any CPU.Build.0 = Release|Any CPU
		{93F89CEC-5815-4B1C-8009-E48432D13A17}.Debug|Any CPU.ActiveCfg = Debug|Any CPU
		{93F89CEC-5815-4B1C-8009-E48432D13A17}.Debug|Any CPU.Build.0 = Debug|Any CPU
		{93F89CEC-5815-4B1C-8009-E48432D13A17}.Release|Any CPU.ActiveCfg = Release|Any CPU
		{93F89CEC-5815-4B1C-8009-E48432D13A17}.Release|Any CPU.Build.0 = Release|Any CPU
		{C28AB281-B219-487A-89BF-2AEBE621EDE0}.Debug|Any CPU.ActiveCfg = Debug|Any CPU
		{C28AB281-B219-487A-89BF-2AEBE621EDE0}.Debug|Any CPU.Build.0 = Debug|Any CPU
		{C28AB281-B219-487A-89BF-2AEBE621EDE0}.Release|Any CPU.ActiveCfg = Release|Any CPU
		{C28AB281-B219-487A-89BF-2AEBE621EDE0}.Release|Any CPU.Build.0 = Release|Any CPU
		{76838589-ED7C-4427-9ADF-0FB67FC302D4}.Debug|Any CPU.ActiveCfg = Debug|Any CPU
		{76838589-ED7C-4427-9ADF-0FB67FC302D4}.Debug|Any CPU.Build.0 = Debug|Any CPU
		{76838589-ED7C-4427-9ADF-0FB67FC302D4}.Release|Any CPU.ActiveCfg = Release|Any CPU
		{76838589-ED7C-4427-9ADF-0FB67FC302D4}.Release|Any CPU.Build.0 = Release|Any CPU
	EndGlobalSection
	GlobalSection(SolutionProperties) = preSolution
		HideSolutionNode = FALSE
	EndGlobalSection
	GlobalSection(NestedProjects) = preSolution
		{6EB00AB9-9C7A-4F85-A777-45261E783242} = {B644B4F0-9FFD-4E41-B140-FDFD2872C753}
		{3669B47B-2D31-4437-8F29-F46E09DED955} = {B644B4F0-9FFD-4E41-B140-FDFD2872C753}
		{A32ED2AE-FB1C-4834-8967-F38E17FAB012} = {B644B4F0-9FFD-4E41-B140-FDFD2872C753}
		{38BBDF98-0D4F-4398-9C8C-097365246FB6} = {B644B4F0-9FFD-4E41-B140-FDFD2872C753}
		{93F89CEC-5815-4B1C-8009-E48432D13A17} = {B644B4F0-9FFD-4E41-B140-FDFD2872C753}
		{C28AB281-B219-487A-89BF-2AEBE621EDE0} = {B644B4F0-9FFD-4E41-B140-FDFD2872C753}
		{76838589-ED7C-4427-9ADF-0FB67FC302D4} = {B644B4F0-9FFD-4E41-B140-FDFD2872C753}
	EndGlobalSection
	GlobalSection(ExtensibilityGlobals) = postSolution
		SolutionGuid = {E96BC937-8A79-47ED-9E9A-7BF856BD0C27}
	EndGlobalSection
EndGlobal
