
Microsoft Visual Studio Solution File, Format Version 12.00
# Visual Studio Version 16
VisualStudioVersion = 16.0.30225.117
MinimumVisualStudioVersion = 10.0.40219.1
Project("{2150E333-8FDC-42A3-9474-1A3956D46DE8}") = "ThreadSafeNumericIdGenerator", "ThreadSafeNumericIdGenerator", "{DC64140F-6AAC-43CE-AB8D-08AA1370208E}"
EndProject
Project("{9A19103F-16F7-4668-BE54-9A1E7A4F7556}") = "ThreadSafeNumericIdGenerator.Domain", "ThreadSafeNumericIdGenerator.Domain\ThreadSafeNumericIdGenerator.Domain.csproj", "{23352690-04AA-4ABE-9DB1-6927CAE58E21}"
EndProject
Project("{9A19103F-16F7-4668-BE54-9A1E7A4F7556}") = "ThreadSafeNumericIdGenerator.Api", "ThreadSafeNumericIdGenerator.Api\ThreadSafeNumericIdGenerator.Api.csproj", "{3254632D-99D6-4815-8473-B8A7B28BDBD7}"
EndProject
Project("{9A19103F-16F7-4668-BE54-9A1E7A4F7556}") = "ThreadSafeNumericIdGenerator.Application", "ThreadSafeNumericIdGenerator.Application\ThreadSafeNumericIdGenerator.Application.csproj", "{3C1D6ABD-0653-4A18-B2FD-CA8A79C1E16F}"
EndProject
Project("{9A19103F-16F7-4668-BE54-9A1E7A4F7556}") = "ThreadSafeNumericIdGenerator.Domain.Tests", "ThreadSafeNumericIdGenerator.Domain.Tests\ThreadSafeNumericIdGenerator.Domain.Tests.csproj", "{942F1B2D-48E8-41A1-95E3-EEA8FB1ECBD5}"
EndProject
Project("{9A19103F-16F7-4668-BE54-9A1E7A4F7556}") = "ThreadSafeNumericIdGenerator.Repository", "ThreadSafeNumericIdGenerator.Repository\ThreadSafeNumericIdGenerator.Repository.csproj", "{B62CAAFB-7617-4801-A7C0-42A07143FC4C}"
EndProject
Project("{9A19103F-16F7-4668-BE54-9A1E7A4F7556}") = "ThreadSafeNumericIdGenerator.Api.Tests", "ThreadSafeNumericIdGenerator.Api.Tests\ThreadSafeNumericIdGenerator.Api.Tests.csproj", "{9650F246-411F-4048-8AA5-45C177A1E06D}"
EndProject
Project("{9A19103F-16F7-4668-BE54-9A1E7A4F7556}") = "ThreadSafeNumericIdGenerator.DataContract", "ThreadSafeNumericIdGenerator.DataContract\ThreadSafeNumericIdGenerator.DataContract.csproj", "{180659F0-CD2A-4CE6-A7F6-DF1799039610}"
EndProject
Project("{9A19103F-16F7-4668-BE54-9A1E7A4F7556}") = "ThreadSafeNumericIdGenerator.Domain.Base", "ThreadSafeNumericIdGenerator.Domain.Base\ThreadSafeNumericIdGenerator.Domain.Base.csproj", "{BBA8CCC5-ECD0-43EB-9DD6-387470001EA3}"
EndProject
Project("{9A19103F-16F7-4668-BE54-9A1E7A4F7556}") = "ThreadSafeNumericIdGenerator.Common", "ThreadSafeNumericIdGenerator.Common\ThreadSafeNumericIdGenerator.Common.csproj", "{6C41570C-6BE1-4CE8-9311-3A8488B4DF94}"
EndProject
Project("{9A19103F-16F7-4668-BE54-9A1E7A4F7556}") = "ThreadSafeNumericIdGenerator.Repository.DataContract", "ThreadSafeNumericIdGenerator.Repository.DataContract\ThreadSafeNumericIdGenerator.Repository.DataContract.csproj", "{51A51910-89C6-40B8-A27F-A1DBE2743E24}"
EndProject
Project("{9A19103F-16F7-4668-BE54-9A1E7A4F7556}") = "ThreadSafeNumericIdGenerator.AzureTablesRepository", "ThreadSafeNumericIdGenerator.AzureTablesRepository\ThreadSafeNumericIdGenerator.AzureTablesRepository.csproj", "{30D98211-A0A3-46FF-98E8-1C4DCD94FE06}"
EndProject
Project("{9A19103F-16F7-4668-BE54-9A1E7A4F7556}") = "ThreadSafeNumericIdGenerator.Api.Common", "ThreadSafeNumericIdGenerator.Api.Common\ThreadSafeNumericIdGenerator.Api.Common.csproj", "{93D67279-F51D-48F9-8287-5BF02EBF4BAF}"
EndProject
Project("{2150E333-8FDC-42A3-9474-1A3956D46DE8}") = "CqrsTemplate", "CqrsTemplate", "{B644B4F0-9FFD-4E41-B140-FDFD2872C753}"
EndProject
Project("{9A19103F-16F7-4668-BE54-9A1E7A4F7556}") = "CqrsTemplate.Domain", "CqrsTemplate.Domain\CqrsTemplate.Domain.csproj", "{6EB00AB9-9C7A-4F85-A777-45261E783242}"
EndProject
Project("{9A19103F-16F7-4668-BE54-9A1E7A4F7556}") = "CqrsTemplate.Api", "CqrsTemplate.Api\CqrsTemplate.Api.csproj", "{3669B47B-2D31-4437-8F29-F46E09DED955}"
EndProject
Project("{9A19103F-16F7-4668-BE54-9A1E7A4F7556}") = "CqrsTemplate.DataContracts", "CqrsTemplate.DataContracts\CqrsTemplate.DataContracts.csproj", "{A32ED2AE-FB1C-4834-8967-F38E17FAB012}"
EndProject
Project("{9A19103F-16F7-4668-BE54-9A1E7A4F7556}") = "CqrsTemplate.Domain.Common", "CqrsTemplate.Domain.Common\CqrsTemplate.Domain.Common.csproj", "{38BBDF98-0D4F-4398-9C8C-097365246FB6}"
EndProject
Project("{9A19103F-16F7-4668-BE54-9A1E7A4F7556}") = "CqrsTemplate.Application", "CqrsTemplate.Application\CqrsTemplate.Application.csproj", "{93F89CEC-5815-4B1C-8009-E48432D13A17}"
EndProject
Project("{9A19103F-16F7-4668-BE54-9A1E7A4F7556}") = "CqrsTemplate.Application.Common", "CqrsTemplate.Application.Common\CqrsTemplate.Application.Common.csproj", "{C28AB281-B219-487A-89BF-2AEBE621EDE0}"
EndProject
Project("{9A19103F-16F7-4668-BE54-9A1E7A4F7556}") = "CqrsTemplate.Repository", "CqrsTemplate.Repository\CqrsTemplate.Repository.csproj", "{76838589-ED7C-4427-9ADF-0FB67FC302D4}"
EndProject
Project("{2150E333-8FDC-42A3-9474-1A3956D46DE8}") = "RailwayOrientedProgramming", "RailwayOrientedProgramming", "{3740A2E7-C247-4B5D-98B0-E5DF70F7B129}"
EndProject
Project("{9A19103F-16F7-4668-BE54-9A1E7A4F7556}") = "RailwayOrientedProgramming.Application", "RailwayOrientedProgramming.Application\RailwayOrientedProgramming.Application.csproj", "{6F91817A-6045-475A-A492-103E49583C67}"
EndProject
Project("{9A19103F-16F7-4668-BE54-9A1E7A4F7556}") = "RailwayOrientedProgramming.Domain", "RailwayOrientedProgramming.Domain\RailwayOrientedProgramming.Domain.csproj", "{404D95C3-01AB-490A-89C1-03AB6C381DC2}"
EndProject
Project("{9A19103F-16F7-4668-BE54-9A1E7A4F7556}") = "RailwayOrientedProgramming.Common", "RailwayOrientedProgramming.Common\RailwayOrientedProgramming.Common.csproj", "{2D3D84E7-E6EE-4A06-A5CA-6F965913DACE}"
EndProject
Project("{2150E333-8FDC-42A3-9474-1A3956D46DE8}") = "SpecificationPattern", "SpecificationPattern", "{15E97771-4E0D-4621-BD80-61492852D4C2}"
EndProject
Project("{9A19103F-16F7-4668-BE54-9A1E7A4F7556}") = "SpecificationPattern.Domain", "SpecificationPattern.Domain\SpecificationPattern.Domain.csproj", "{B08EC90B-4498-42A6-8287-E4B09D53E5A8}"
EndProject
Project("{9A19103F-16F7-4668-BE54-9A1E7A4F7556}") = "SpecificationPattern.Application", "SpecificationPattern.Application\SpecificationPattern.Application.csproj", "{A5CC92D6-4C97-44AD-8C7D-8FC4B6370CBB}"
EndProject
Project("{2150E333-8FDC-42A3-9474-1A3956D46DE8}") = "DddInPractice", "DddInPractice", "{17AFC725-D67C-4B87-B372-C07652D01F64}"
EndProject
Project("{9A19103F-16F7-4668-BE54-9A1E7A4F7556}") = "SnackMachine.Domain", "SnackMachine.Domain\SnackMachine.Domain.csproj", "{7373079F-CF7A-4DC8-AACF-A159579EB587}"
EndProject
Project("{9A19103F-16F7-4668-BE54-9A1E7A4F7556}") = "SnackMachine.Domain.Tests", "SnackMachine.Domain.Tests\SnackMachine.Domain.Tests.csproj", "{C9FF0D85-9812-4F23-8266-2AE9891B23DC}"
EndProject
Project("{2150E333-8FDC-42A3-9474-1A3956D46DE8}") = "ModernCShaprTechniques", "ModernCShaprTechniques", "{05F740FC-91F8-4971-BA24-06E3830DBE35}"
EndProject
Project("{FAE04EC0-301F-11D3-BF4B-00C04F79EFBC}") = "ModernCSharpTechniques.Domain", "ModernCSharpTechniques.Domain\ModernCSharpTechniques.Domain.csproj", "{28973FE0-6B8C-40DA-A073-6AB67F809CD2}"
EndProject
Project("{FAE04EC0-301F-11D3-BF4B-00C04F79EFBC}") = "ModernCSharpTechniques.Tests", "ModernCSharpTechniques.Tests\ModernCSharpTechniques.Tests.csproj", "{855C2ED8-E240-47CA-B5E1-EA2682AEDFCD}"
EndProject
Global
	GlobalSection(SolutionConfigurationPlatforms) = preSolution
		Debug|Any CPU = Debug|Any CPU
		Release|Any CPU = Release|Any CPU
	EndGlobalSection
	GlobalSection(ProjectConfigurationPlatforms) = postSolution
		{23352690-04AA-4ABE-9DB1-6927CAE58E21}.Debug|Any CPU.ActiveCfg = Debug|Any CPU
		{23352690-04AA-4ABE-9DB1-6927CAE58E21}.Release|Any CPU.ActiveCfg = Release|Any CPU
		{3254632D-99D6-4815-8473-B8A7B28BDBD7}.Debug|Any CPU.ActiveCfg = Debug|Any CPU
		{3254632D-99D6-4815-8473-B8A7B28BDBD7}.Release|Any CPU.ActiveCfg = Release|Any CPU
		{3C1D6ABD-0653-4A18-B2FD-CA8A79C1E16F}.Debug|Any CPU.ActiveCfg = Debug|Any CPU
		{3C1D6ABD-0653-4A18-B2FD-CA8A79C1E16F}.Release|Any CPU.ActiveCfg = Release|Any CPU
		{942F1B2D-48E8-41A1-95E3-EEA8FB1ECBD5}.Debug|Any CPU.ActiveCfg = Debug|Any CPU
		{942F1B2D-48E8-41A1-95E3-EEA8FB1ECBD5}.Release|Any CPU.ActiveCfg = Release|Any CPU
		{B62CAAFB-7617-4801-A7C0-42A07143FC4C}.Debug|Any CPU.ActiveCfg = Debug|Any CPU
		{B62CAAFB-7617-4801-A7C0-42A07143FC4C}.Release|Any CPU.ActiveCfg = Release|Any CPU
		{9650F246-411F-4048-8AA5-45C177A1E06D}.Debug|Any CPU.ActiveCfg = Debug|Any CPU
		{9650F246-411F-4048-8AA5-45C177A1E06D}.Release|Any CPU.ActiveCfg = Release|Any CPU
		{180659F0-CD2A-4CE6-A7F6-DF1799039610}.Debug|Any CPU.ActiveCfg = Debug|Any CPU
		{180659F0-CD2A-4CE6-A7F6-DF1799039610}.Release|Any CPU.ActiveCfg = Release|Any CPU
		{BBA8CCC5-ECD0-43EB-9DD6-387470001EA3}.Debug|Any CPU.ActiveCfg = Debug|Any CPU
		{BBA8CCC5-ECD0-43EB-9DD6-387470001EA3}.Release|Any CPU.ActiveCfg = Release|Any CPU
		{6C41570C-6BE1-4CE8-9311-3A8488B4DF94}.Debug|Any CPU.ActiveCfg = Debug|Any CPU
		{6C41570C-6BE1-4CE8-9311-3A8488B4DF94}.Release|Any CPU.ActiveCfg = Release|Any CPU
		{51A51910-89C6-40B8-A27F-A1DBE2743E24}.Debug|Any CPU.ActiveCfg = Debug|Any CPU
		{51A51910-89C6-40B8-A27F-A1DBE2743E24}.Release|Any CPU.ActiveCfg = Release|Any CPU
		{30D98211-A0A3-46FF-98E8-1C4DCD94FE06}.Debug|Any CPU.ActiveCfg = Debug|Any CPU
		{30D98211-A0A3-46FF-98E8-1C4DCD94FE06}.Release|Any CPU.ActiveCfg = Release|Any CPU
		{93D67279-F51D-48F9-8287-5BF02EBF4BAF}.Debug|Any CPU.ActiveCfg = Debug|Any CPU
		{93D67279-F51D-48F9-8287-5BF02EBF4BAF}.Release|Any CPU.ActiveCfg = Release|Any CPU
		{6EB00AB9-9C7A-4F85-A777-45261E783242}.Debug|Any CPU.ActiveCfg = Debug|Any CPU
		{6EB00AB9-9C7A-4F85-A777-45261E783242}.Debug|Any CPU.Build.0 = Debug|Any CPU
		{6EB00AB9-9C7A-4F85-A777-45261E783242}.Release|Any CPU.ActiveCfg = Release|Any CPU
		{6EB00AB9-9C7A-4F85-A777-45261E783242}.Release|Any CPU.Build.0 = Release|Any CPU
		{3669B47B-2D31-4437-8F29-F46E09DED955}.Debug|Any CPU.ActiveCfg = Debug|Any CPU
		{3669B47B-2D31-4437-8F29-F46E09DED955}.Debug|Any CPU.Build.0 = Debug|Any CPU
		{3669B47B-2D31-4437-8F29-F46E09DED955}.Release|Any CPU.ActiveCfg = Release|Any CPU
		{3669B47B-2D31-4437-8F29-F46E09DED955}.Release|Any CPU.Build.0 = Release|Any CPU
		{A32ED2AE-FB1C-4834-8967-F38E17FAB012}.Debug|Any CPU.ActiveCfg = Debug|Any CPU
		{A32ED2AE-FB1C-4834-8967-F38E17FAB012}.Debug|Any CPU.Build.0 = Debug|Any CPU
		{A32ED2AE-FB1C-4834-8967-F38E17FAB012}.Release|Any CPU.ActiveCfg = Release|Any CPU
		{A32ED2AE-FB1C-4834-8967-F38E17FAB012}.Release|Any CPU.Build.0 = Release|Any CPU
		{38BBDF98-0D4F-4398-9C8C-097365246FB6}.Debug|Any CPU.ActiveCfg = Debug|Any CPU
		{38BBDF98-0D4F-4398-9C8C-097365246FB6}.Debug|Any CPU.Build.0 = Debug|Any CPU
		{38BBDF98-0D4F-4398-9C8C-097365246FB6}.Release|Any CPU.ActiveCfg = Release|Any CPU
		{38BBDF98-0D4F-4398-9C8C-097365246FB6}.Release|Any CPU.Build.0 = Release|Any CPU
		{93F89CEC-5815-4B1C-8009-E48432D13A17}.Debug|Any CPU.ActiveCfg = Debug|Any CPU
		{93F89CEC-5815-4B1C-8009-E48432D13A17}.Debug|Any CPU.Build.0 = Debug|Any CPU
		{93F89CEC-5815-4B1C-8009-E48432D13A17}.Release|Any CPU.ActiveCfg = Release|Any CPU
		{93F89CEC-5815-4B1C-8009-E48432D13A17}.Release|Any CPU.Build.0 = Release|Any CPU
		{C28AB281-B219-487A-89BF-2AEBE621EDE0}.Debug|Any CPU.ActiveCfg = Debug|Any CPU
		{C28AB281-B219-487A-89BF-2AEBE621EDE0}.Debug|Any CPU.Build.0 = Debug|Any CPU
		{C28AB281-B219-487A-89BF-2AEBE621EDE0}.Release|Any CPU.ActiveCfg = Release|Any CPU
		{C28AB281-B219-487A-89BF-2AEBE621EDE0}.Release|Any CPU.Build.0 = Release|Any CPU
		{76838589-ED7C-4427-9ADF-0FB67FC302D4}.Debug|Any CPU.ActiveCfg = Debug|Any CPU
		{76838589-ED7C-4427-9ADF-0FB67FC302D4}.Debug|Any CPU.Build.0 = Debug|Any CPU
		{76838589-ED7C-4427-9ADF-0FB67FC302D4}.Release|Any CPU.ActiveCfg = Release|Any CPU
		{76838589-ED7C-4427-9ADF-0FB67FC302D4}.Release|Any CPU.Build.0 = Release|Any CPU
		{6F91817A-6045-475A-A492-103E49583C67}.Debug|Any CPU.ActiveCfg = Debug|Any CPU
		{6F91817A-6045-475A-A492-103E49583C67}.Debug|Any CPU.Build.0 = Debug|Any CPU
		{6F91817A-6045-475A-A492-103E49583C67}.Release|Any CPU.ActiveCfg = Release|Any CPU
		{6F91817A-6045-475A-A492-103E49583C67}.Release|Any CPU.Build.0 = Release|Any CPU
		{404D95C3-01AB-490A-89C1-03AB6C381DC2}.Debug|Any CPU.ActiveCfg = Debug|Any CPU
		{404D95C3-01AB-490A-89C1-03AB6C381DC2}.Debug|Any CPU.Build.0 = Debug|Any CPU
		{404D95C3-01AB-490A-89C1-03AB6C381DC2}.Release|Any CPU.ActiveCfg = Release|Any CPU
		{404D95C3-01AB-490A-89C1-03AB6C381DC2}.Release|Any CPU.Build.0 = Release|Any CPU
		{2D3D84E7-E6EE-4A06-A5CA-6F965913DACE}.Debug|Any CPU.ActiveCfg = Debug|Any CPU
		{2D3D84E7-E6EE-4A06-A5CA-6F965913DACE}.Debug|Any CPU.Build.0 = Debug|Any CPU
		{2D3D84E7-E6EE-4A06-A5CA-6F965913DACE}.Release|Any CPU.ActiveCfg = Release|Any CPU
		{2D3D84E7-E6EE-4A06-A5CA-6F965913DACE}.Release|Any CPU.Build.0 = Release|Any CPU
		{B08EC90B-4498-42A6-8287-E4B09D53E5A8}.Debug|Any CPU.ActiveCfg = Debug|Any CPU
		{B08EC90B-4498-42A6-8287-E4B09D53E5A8}.Debug|Any CPU.Build.0 = Debug|Any CPU
		{B08EC90B-4498-42A6-8287-E4B09D53E5A8}.Release|Any CPU.ActiveCfg = Release|Any CPU
		{B08EC90B-4498-42A6-8287-E4B09D53E5A8}.Release|Any CPU.Build.0 = Release|Any CPU
		{A5CC92D6-4C97-44AD-8C7D-8FC4B6370CBB}.Debug|Any CPU.ActiveCfg = Debug|Any CPU
		{A5CC92D6-4C97-44AD-8C7D-8FC4B6370CBB}.Debug|Any CPU.Build.0 = Debug|Any CPU
		{A5CC92D6-4C97-44AD-8C7D-8FC4B6370CBB}.Release|Any CPU.ActiveCfg = Release|Any CPU
		{A5CC92D6-4C97-44AD-8C7D-8FC4B6370CBB}.Release|Any CPU.Build.0 = Release|Any CPU
		{7373079F-CF7A-4DC8-AACF-A159579EB587}.Debug|Any CPU.ActiveCfg = Debug|Any CPU
		{7373079F-CF7A-4DC8-AACF-A159579EB587}.Debug|Any CPU.Build.0 = Debug|Any CPU
		{7373079F-CF7A-4DC8-AACF-A159579EB587}.Release|Any CPU.ActiveCfg = Release|Any CPU
		{7373079F-CF7A-4DC8-AACF-A159579EB587}.Release|Any CPU.Build.0 = Release|Any CPU
		{C9FF0D85-9812-4F23-8266-2AE9891B23DC}.Debug|Any CPU.ActiveCfg = Debug|Any CPU
		{C9FF0D85-9812-4F23-8266-2AE9891B23DC}.Debug|Any CPU.Build.0 = Debug|Any CPU
		{C9FF0D85-9812-4F23-8266-2AE9891B23DC}.Release|Any CPU.ActiveCfg = Release|Any CPU
		{C9FF0D85-9812-4F23-8266-2AE9891B23DC}.Release|Any CPU.Build.0 = Release|Any CPU
		{28973FE0-6B8C-40DA-A073-6AB67F809CD2}.Debug|Any CPU.ActiveCfg = Debug|Any CPU
		{28973FE0-6B8C-40DA-A073-6AB67F809CD2}.Debug|Any CPU.Build.0 = Debug|Any CPU
		{28973FE0-6B8C-40DA-A073-6AB67F809CD2}.Release|Any CPU.ActiveCfg = Release|Any CPU
		{28973FE0-6B8C-40DA-A073-6AB67F809CD2}.Release|Any CPU.Build.0 = Release|Any CPU
		{855C2ED8-E240-47CA-B5E1-EA2682AEDFCD}.Debug|Any CPU.ActiveCfg = Debug|Any CPU
		{855C2ED8-E240-47CA-B5E1-EA2682AEDFCD}.Debug|Any CPU.Build.0 = Debug|Any CPU
		{855C2ED8-E240-47CA-B5E1-EA2682AEDFCD}.Release|Any CPU.ActiveCfg = Release|Any CPU
		{855C2ED8-E240-47CA-B5E1-EA2682AEDFCD}.Release|Any CPU.Build.0 = Release|Any CPU
	EndGlobalSection
	GlobalSection(SolutionProperties) = preSolution
		HideSolutionNode = FALSE
	EndGlobalSection
	GlobalSection(NestedProjects) = preSolution
		{23352690-04AA-4ABE-9DB1-6927CAE58E21} = {DC64140F-6AAC-43CE-AB8D-08AA1370208E}
		{3254632D-99D6-4815-8473-B8A7B28BDBD7} = {DC64140F-6AAC-43CE-AB8D-08AA1370208E}
		{3C1D6ABD-0653-4A18-B2FD-CA8A79C1E16F} = {DC64140F-6AAC-43CE-AB8D-08AA1370208E}
		{942F1B2D-48E8-41A1-95E3-EEA8FB1ECBD5} = {DC64140F-6AAC-43CE-AB8D-08AA1370208E}
		{B62CAAFB-7617-4801-A7C0-42A07143FC4C} = {DC64140F-6AAC-43CE-AB8D-08AA1370208E}
		{9650F246-411F-4048-8AA5-45C177A1E06D} = {DC64140F-6AAC-43CE-AB8D-08AA1370208E}
		{180659F0-CD2A-4CE6-A7F6-DF1799039610} = {DC64140F-6AAC-43CE-AB8D-08AA1370208E}
		{BBA8CCC5-ECD0-43EB-9DD6-387470001EA3} = {DC64140F-6AAC-43CE-AB8D-08AA1370208E}
		{6C41570C-6BE1-4CE8-9311-3A8488B4DF94} = {DC64140F-6AAC-43CE-AB8D-08AA1370208E}
		{51A51910-89C6-40B8-A27F-A1DBE2743E24} = {DC64140F-6AAC-43CE-AB8D-08AA1370208E}
		{30D98211-A0A3-46FF-98E8-1C4DCD94FE06} = {DC64140F-6AAC-43CE-AB8D-08AA1370208E}
		{93D67279-F51D-48F9-8287-5BF02EBF4BAF} = {DC64140F-6AAC-43CE-AB8D-08AA1370208E}
		{6EB00AB9-9C7A-4F85-A777-45261E783242} = {B644B4F0-9FFD-4E41-B140-FDFD2872C753}
		{3669B47B-2D31-4437-8F29-F46E09DED955} = {B644B4F0-9FFD-4E41-B140-FDFD2872C753}
		{A32ED2AE-FB1C-4834-8967-F38E17FAB012} = {B644B4F0-9FFD-4E41-B140-FDFD2872C753}
		{38BBDF98-0D4F-4398-9C8C-097365246FB6} = {B644B4F0-9FFD-4E41-B140-FDFD2872C753}
		{93F89CEC-5815-4B1C-8009-E48432D13A17} = {B644B4F0-9FFD-4E41-B140-FDFD2872C753}
		{C28AB281-B219-487A-89BF-2AEBE621EDE0} = {B644B4F0-9FFD-4E41-B140-FDFD2872C753}
		{76838589-ED7C-4427-9ADF-0FB67FC302D4} = {B644B4F0-9FFD-4E41-B140-FDFD2872C753}
		{6F91817A-6045-475A-A492-103E49583C67} = {3740A2E7-C247-4B5D-98B0-E5DF70F7B129}
		{404D95C3-01AB-490A-89C1-03AB6C381DC2} = {3740A2E7-C247-4B5D-98B0-E5DF70F7B129}
		{2D3D84E7-E6EE-4A06-A5CA-6F965913DACE} = {3740A2E7-C247-4B5D-98B0-E5DF70F7B129}
		{B08EC90B-4498-42A6-8287-E4B09D53E5A8} = {15E97771-4E0D-4621-BD80-61492852D4C2}
		{A5CC92D6-4C97-44AD-8C7D-8FC4B6370CBB} = {15E97771-4E0D-4621-BD80-61492852D4C2}
		{7373079F-CF7A-4DC8-AACF-A159579EB587} = {17AFC725-D67C-4B87-B372-C07652D01F64}
		{C9FF0D85-9812-4F23-8266-2AE9891B23DC} = {17AFC725-D67C-4B87-B372-C07652D01F64}
		{28973FE0-6B8C-40DA-A073-6AB67F809CD2} = {05F740FC-91F8-4971-BA24-06E3830DBE35}
		{855C2ED8-E240-47CA-B5E1-EA2682AEDFCD} = {05F740FC-91F8-4971-BA24-06E3830DBE35}
	EndGlobalSection
	GlobalSection(ExtensibilityGlobals) = postSolution
		SolutionGuid = {E96BC937-8A79-47ED-9E9A-7BF856BD0C27}
	EndGlobalSection
EndGlobal
